{
  "name": "an-array-of-catalan-words",
  "version": "1.0.0",
  "lockfileVersion": 3,
  "requires": true,
  "packages": {
    "": {
      "name": "an-array-of-catalan-words",
      "version": "1.0.0",
      "license": "(GPL-2.0-or-later OR LGPL-2.1-or-later OR MPL-1.1)",
      "devDependencies": {
        "hunspell-reader": "^9.8.0"
      }
    },
    "node_modules/@cspell/cspell-pipe": {
      "version": "9.8.0",
      "resolved": "https://registry.npmjs.org/@cspell/cspell-pipe/-/cspell-pipe-9.8.0.tgz",
      "integrity": "sha512-ISEUD8PHYkd2Ktafc6hFfIXdGKYUvthA09NbwwZsWmOqYyk4wWKHZKqyyxD+BcrFwOyMOJcD8OEvIjkRQp2SJw==",
      "dev": true,
      "license": "MIT",
      "engines": {
        "node": ">=20"
      }
    },
    "node_modules/@cspell/cspell-types": {
      "version": "9.8.0",
      "resolved": "https://registry.npmjs.org/@cspell/cspell-types/-/cspell-types-9.8.0.tgz",
      "integrity": "sha512-7Ge4UD6SCA49Tcc3+GTlz3Xn4cqVUAXtDO0u9IeHvJgkN3Me2Rw2GB/CtGmhKST3YeEeZMX7ww09TdHMUJlehw==",
      "dev": true,
      "license": "MIT",
      "engines": {
        "node": ">=20"
      }
    },
    "node_modules/commander": {
      "version": "14.0.3",
      "resolved": "https://registry.npmjs.org/commander/-/commander-14.0.3.tgz",
      "integrity": "sha512-H+y0Jo/T1RZ9qPP4Eh1pkcQcLRglraJaSLoyOtHxu6AapkjWVCy2Sit1QQ4x3Dng8qDlSsZEet7g5Pq06MvTgw==",
      "dev": true,
      "license": "MIT",
      "engines": {
        "node": ">=20"
      }
    },
    "node_modules/gensequence": {
      "version": "8.0.8",
      "resolved": "https://registry.npmjs.org/gensequence/-/gensequence-8.0.8.tgz",
      "integrity": "sha512-omMVniXEXpdx/vKxGnPRoO2394Otlze28TyxECbFVyoSpZ9H3EO7lemjcB12OpQJzRW4e5tt/dL1rOxry6aMHg==",
      "dev": true,
      "license": "MIT",
      "engines": {
        "node": ">=20"
      }
    },
    "node_modules/html-entities": {
      "version": "2.6.0",
      "resolved": "https://registry.npmjs.org/html-entities/-/html-entities-2.6.0.tgz",
      "integrity": "sha512-kig+rMn/QOVRvr7c86gQ8lWXq+Hkv6CbAH1hLu+RG338StTpE8Z0b44SDVaqVu7HGKf27frdmUYEs9hTUX/cLQ==",
      "dev": true,
      "funding": [
        {
          "type": "github",
          "url": "https://github.com/sponsors/mdevils"
        },
        {
          "type": "patreon",
          "url": "https://patreon.com/mdevils"
        }
      ],
      "license": "MIT"
    },
    "node_modules/hunspell-reader": {
      "version": "9.8.0",
      "resolved": "https://registry.npmjs.org/hunspell-reader/-/hunspell-reader-9.8.0.tgz",
      "integrity": "sha512-hDus0TRpve7xU1zlCy7+L81z5asAa8aLxJW/HWUYy7BEUi+SM9AfhTtLrJIQXzDZhOq4cojYCq9BLgb2Dsngow==",
      "dev": true,
      "license": "MIT",
      "dependencies": {
        "@cspell/cspell-pipe": "^9.8.0",
        "@cspell/cspell-types": "^9.8.0",
        "commander": "^14.0.3",
        "gensequence": "^8.0.8",
        "html-entities": "^2.6.0",
        "iconv-lite": "^0.7.2"
      },
      "bin": {
        "hunspell-reader": "bin.js"
      },
      "engines": {
        "node": ">=20"
      }
    },
    "node_modules/iconv-lite": {
      "version": "0.7.2",
      "resolved": "https://registry.npmjs.org/iconv-lite/-/iconv-lite-0.7.2.tgz",
      "integrity": "sha512-im9DjEDQ55s9fL4EYzOAv0yMqmMBSZp6G0VvFyTMPKWxiSBHUj9NW/qqLmXUwXrrM7AvqSlTCfvqRb0cM8yYqw==",
      "dev": true,
      "license": "MIT",
      "dependencies": {
        "safer-buffer": ">= 2.1.2 < 3.0.0"
      },
      "engines": {
        "node": ">=0.10.0"
      },
      "funding": {
        "type": "opencollective",
        "url": "https://opencollective.com/express"
      }
    },
    "node_modules/safer-buffer": {
      "version": "2.1.2",
      "resolved": "https://registry.npmjs.org/safer-buffer/-/safer-buffer-2.1.2.tgz",
      "integrity": "sha512-YZo3K82SD7Riyi0E1EQPojLz7kpepnSQI9IyPbHHg1XXXevb5dJI7tpyN2ADxGcQbHG7vcyRHk0cbwqcQriUtg==",
      "dev": true,
      "license": "MIT"
    }
  }
}
